
Microsoft Visual Studio Solution File, Format Version 12.00
# Visual Studio Version 16
VisualStudioVersion = 16.0.30907.101
MinimumVisualStudioVersion = 10.0.40219.1
Project("{FAE04EC0-301F-11D3-BF4B-00C04F79EFBC}") = "Generics", "Generics\Generics.csproj", "{910DA454-FE27-4554-9480-BC213B4C5765}"
EndProject
Project("{FAE04EC0-301F-11D3-BF4B-00C04F79EFBC}") = "Delegates", "Delegates\Delegates.csproj", "{6CBCE935-0ABF-4D37-99B1-2766F81F6080}"
EndProject
Project("{FAE04EC0-301F-11D3-BF4B-00C04F79EFBC}") = "Lambda", "Lambda\Lambda.csproj", "{5C35FB4E-FB1A-4C33-B682-24F1C1904CE3}"
EndProject
Global
	GlobalSection(SolutionConfigurationPlatforms) = preSolution
		Debug|Any CPU = Debug|Any CPU
		Release|Any CPU = Release|Any CPU
	EndGlobalSection
	GlobalSection(ProjectConfigurationPlatforms) = postSolution
		{910DA454-FE27-4554-9480-BC213B4C5765}.Debug|Any CPU.ActiveCfg = Debug|Any CPU
		{910DA454-FE27-4554-9480-BC213B4C5765}.Debug|Any CPU.Build.0 = Debug|Any CPU
		{910DA454-FE27-4554-9480-BC213B4C5765}.Release|Any CPU.ActiveCfg = Release|Any CPU
		{910DA454-FE27-4554-9480-BC213B4C5765}.Release|Any CPU.Build.0 = Release|Any CPU
		{6CBCE935-0ABF-4D37-99B1-2766F81F6080}.Debug|Any CPU.ActiveCfg = Debug|Any CPU
		{6CBCE935-0ABF-4D37-99B1-2766F81F6080}.Debug|Any CPU.Build.0 = Debug|Any CPU
		{6CBCE935-0ABF-4D37-99B1-2766F81F6080}.Release|Any CPU.ActiveCfg = Release|Any CPU
		{6CBCE935-0ABF-4D37-99B1-2766F81F6080}.Release|Any CPU.Build.0 = Release|Any CPU
		{5C35FB4E-FB1A-4C33-B682-24F1C1904CE3}.Debug|Any CPU.ActiveCfg = Debug|Any CPU
		{5C35FB4E-FB1A-4C33-B682-24F1C1904CE3}.Debug|Any CPU.Build.0 = Debug|Any CPU
		{5C35FB4E-FB1A-4C33-B682-24F1C1904CE3}.Release|Any CPU.ActiveCfg = Release|Any CPU
		{5C35FB4E-FB1A-4C33-B682-24F1C1904CE3}.Release|Any CPU.Build.0 = Release|Any CPU
	EndGlobalSection
	GlobalSection(SolutionProperties) = preSolution
		HideSolutionNode = FALSE
	EndGlobalSection
	GlobalSection(ExtensibilityGlobals) = postSolution
		SolutionGuid = {93D1B8D2-75DE-4329-98BE-CB3933FE0DBF}
	EndGlobalSection
EndGlobal
